// !$*UTF8*$!
{
	archiveVersion = 1;
	classes = {
	};
	objectVersion = 46;
	objects = {

/* Begin PBXBuildFile section */
		574607FF1E5BE1FD00899B8D /* main.m in Sources */ = {isa = PBXBuildFile; fileRef = 574607FE1E5BE1FD00899B8D /* main.m */; };
		574608021E5BE1FD00899B8D /* AppDelegate.m in Sources */ = {isa = PBXBuildFile; fileRef = 574608011E5BE1FD00899B8D /* AppDelegate.m */; };
		574608051E5BE1FD00899B8D /* ViewController.m in Sources */ = {isa = PBXBuildFile; fileRef = 574608041E5BE1FD00899B8D /* ViewController.m */; };
		574608081E5BE1FD00899B8D /* Main.storyboard in Resources */ = {isa = PBXBuildFile; fileRef = 574608061E5BE1FD00899B8D /* Main.storyboard */; };
		5746080A1E5BE1FD00899B8D /* Assets.xcassets in Resources */ = {isa = PBXBuildFile; fileRef = 574608091E5BE1FD00899B8D /* Assets.xcassets */; };
		5746080D1E5BE1FD00899B8D /* LaunchScreen.storyboard in Resources */ = {isa = PBXBuildFile; fileRef = 5746080B1E5BE1FD00899B8D /* LaunchScreen.storyboard */; };
		574608161E5BE28400899B8D /* PassWordInputWindow.m in Sources */ = {isa = PBXBuildFile; fileRef = 574608141E5BE28400899B8D /* PassWordInputWindow.m */; };
/* End PBXBuildFile section */

/* Begin PBXFileReference section */
		574607FA1E5BE1FD00899B8D /* PasswordBox.app */ = {isa = PBXFileReference; explicitFileType = wrapper.application; includeInIndex = 0; path = PasswordBox.app; sourceTree = BUILT_PRODUCTS_DIR; };
		574607FE1E5BE1FD00899B8D /* main.m */ = {isa = PBXFileReference; lastKnownFileType = sourcecode.c.objc; path = main.m; sourceTree = "<group>"; };
		574608001E5BE1FD00899B8D /* AppDelegate.h */ = {isa = PBXFileReference; lastKnownFileType = sourcecode.c.h; path = AppDelegate.h; sourceTree = "<group>"; };
		574608011E5BE1FD00899B8D /* AppDelegate.m */ = {isa = PBXFileReference; lastKnownFileType = sourcecode.c.objc; path = AppDelegate.m; sourceTree = "<group>"; };
		574608031E5BE1FD00899B8D /* ViewController.h */ = {isa = PBXFileReference; lastKnownFileType = sourcecode.c.h; path = ViewController.h; sourceTree = "<group>"; };
		574608041E5BE1FD00899B8D /* ViewController.m */ = {isa = PBXFileReference; lastKnownFileType = sourcecode.c.objc; path = ViewController.m; sourceTree = "<group>"; };
		574608071E5BE1FD00899B8D /* Base */ = {isa = PBXFileReference; lastKnownFileType = file.storyboard; name = Base; path = Base.lproj/Main.storyboard; sourceTree = "<group>"; };
		574608091E5BE1FD00899B8D /* Assets.xcassets */ = {isa = PBXFileReference; lastKnownFileType = folder.assetcatalog; path = Assets.xcassets; sourceTree = "<group>"; };
		5746080C1E5BE1FD00899B8D /* Base */ = {isa = PBXFileReference; lastKnownFileType = file.storyboard; name = Base; path = Base.lproj/LaunchScreen.storyboard; sourceTree = "<group>"; };
		5746080E1E5BE1FD00899B8D /* Info.plist */ = {isa = PBXFileReference; lastKnownFileType = text.plist.xml; path = Info.plist; sourceTree = "<group>"; };
		574608141E5BE28400899B8D /* PassWordInputWindow.m */ = {isa = PBXFileReference; fileEncoding = 4; lastKnownFileType = sourcecode.c.objc; path = PassWordInputWindow.m; sourceTree = "<group>"; };
		574608151E5BE28400899B8D /* PassWordInputWindow.h */ = {isa = PBXFileReference; fileEncoding = 4; lastKnownFileType = sourcecode.c.h; path = PassWordInputWindow.h; sourceTree = "<group>"; };
		574608171E5BE91500899B8D /* CommonDef.h */ = {isa = PBXFileReference; fileEncoding = 4; lastKnownFileType = sourcecode.c.h; path = CommonDef.h; sourceTree = "<group>"; };
/* End PBXFileReference section */

/* Begin PBXFrameworksBuildPhase section */
		574607F71E5BE1FD00899B8D /* Frameworks */ = {
			isa = PBXFrameworksBuildPhase;
			buildActionMask = 2147483647;
			files = (
			);
			runOnlyForDeploymentPostprocessing = 0;
		};
/* End PBXFrameworksBuildPhase section */

/* Begin PBXGroup section */
		574607F11E5BE1FD00899B8D = {
			isa = PBXGroup;
			children = (
				574607FC1E5BE1FD00899B8D /* PasswordBox */,
				574607FB1E5BE1FD00899B8D /* Products */,
			);
			sourceTree = "<group>";
		};
		574607FB1E5BE1FD00899B8D /* Products */ = {
			isa = PBXGroup;
			children = (
				574607FA1E5BE1FD00899B8D /* PasswordBox.app */,
			);
			name = Products;
			sourceTree = "<group>";
		};
		574607FC1E5BE1FD00899B8D /* PasswordBox */ = {
			isa = PBXGroup;
			children = (
				574608171E5BE91500899B8D /* CommonDef.h */,
				574608141E5BE28400899B8D /* PassWordInputWindow.m */,
				574608151E5BE28400899B8D /* PassWordInputWindow.h */,
				574608001E5BE1FD00899B8D /* AppDelegate.h */,
				574608011E5BE1FD00899B8D /* AppDelegate.m */,
				574608031E5BE1FD00899B8D /* ViewController.h */,
				574608041E5BE1FD00899B8D /* ViewController.m */,
				574608061E5BE1FD00899B8D /* Main.storyboard */,
				574608091E5BE1FD00899B8D /* Assets.xcassets */,
				5746080B1E5BE1FD00899B8D /* LaunchScreen.storyboard */,
				5746080E1E5BE1FD00899B8D /* Info.plist */,
				574607FD1E5BE1FD00899B8D /* Supporting Files */,
			);
			path = PasswordBox;
			sourceTree = "<group>";
		};
		574607FD1E5BE1FD00899B8D /* Supporting Files */ = {
			isa = PBXGroup;
			children = (
				574607FE1E5BE1FD00899B8D /* main.m */,
			);
			name = "Supporting Files";
			sourceTree = "<group>";
		};
/* End PBXGroup section */

/* Begin PBXNativeTarget section */
		574607F91E5BE1FD00899B8D /* PasswordBox */ = {
			isa = PBXNativeTarget;
			buildConfigurationList = 574608111E5BE1FD00899B8D /* Build configuration list for PBXNativeTarget "PasswordBox" */;
			buildPhases = (
				574607F61E5BE1FD00899B8D /* Sources */,
				574607F71E5BE1FD00899B8D /* Frameworks */,
				574607F81E5BE1FD00899B8D /* Resources */,
			);
			buildRules = (
			);
			dependencies = (
			);
			name = PasswordBox;
			productName = PasswordBox;
			productReference = 574607FA1E5BE1FD00899B8D /* PasswordBox.app */;
			productType = "com.apple.product-type.application";
		};
/* End PBXNativeTarget section */

/* Begin PBXProject section */
		574607F21E5BE1FD00899B8D /* Project object */ = {
			isa = PBXProject;
			attributes = {
				LastUpgradeCheck = 0820;
				ORGANIZATIONNAME = MingJianhua;
				TargetAttributes = {
					574607F91E5BE1FD00899B8D = {
						CreatedOnToolsVersion = 8.2.1;
						DevelopmentTeam = 7AWWEMK352;
						ProvisioningStyle = Automatic;
					};
				};
			};
			buildConfigurationList = 574607F51E5BE1FD00899B8D /* Build configuration list for PBXProject "PasswordBox" */;
			compatibilityVersion = "Xcode 3.2";
			developmentRegion = English;
			hasScannedForEncodings = 0;
			knownRegions = (
				en,
				Base,
			);
			mainGroup = 574607F11E5BE1FD00899B8D;
			productRefGroup = 574607FB1E5BE1FD00899B8D /* Products */;
			projectDirPath = "";
			projectRoot = "";
			targets = (
				574607F91E5BE1FD00899B8D /* PasswordBox */,
			);
		};
/* End PBXProject section */

/* Begin PBXResourcesBuildPhase section */
		574607F81E5BE1FD00899B8D /* Resources */ = {
			isa = PBXResourcesBuildPhase;
			buildActionMask = 2147483647;
			files = (
				5746080D1E5BE1FD00899B8D /* LaunchScreen.storyboard in Resources */,
				5746080A1E5BE1FD00899B8D /* Assets.xcassets in Resources */,
				574608081E5BE1FD00899B8D /* Main.storyboard in Resources */,
			);
			runOnlyForDeploymentPostprocessing = 0;
		};
/* End PBXResourcesBuildPhase section */

/* Begin PBXSourcesBuildPhase section */
		574607F61E5BE1FD00899B8D /* Sources */ = {
			isa = PBXSourcesBuildPhase;
			buildActionMask = 2147483647;
			files = (
				574608051E5BE1FD00899B8D /* ViewController.m in Sources */,
				574608021E5BE1FD00899B8D /* AppDelegate.m in Sources */,
				574607FF1E5BE1FD00899B8D /* main.m in Sources */,
				574608161E5BE28400899B8D /* PassWordInputWindow.m in Sources */,
			);
			runOnlyForDeploymentPostprocessing = 0;
		};
/* End PBXSourcesBuildPhase section */

/* Begin PBXVariantGroup section */
		574608061E5BE1FD00899B8D /* Main.storyboard */ = {
			isa = PBXVariantGroup;
			children = (
				574608071E5BE1FD00899B8D /* Base */,
			);
			name = Main.storyboard;
			sourceTree = "<group>";
		};
		5746080B1E5BE1FD00899B8D /* LaunchScreen.storyboard */ = {
			isa = PBXVariantGroup;
			children = (
				5746080C1E5BE1FD00899B8D /* Base */,
			);
			name = LaunchScreen.storyboard;
			sourceTree = "<group>";
		};
/* End PBXVariantGroup section */

/* Begin XCBuildConfiguration section */
		5746080F1E5BE1FD00899B8D /* Debug */ = {
			isa = XCBuildConfiguration;
			buildSettings = {
				ALWAYS_SEARCH_USER_PATHS = NO;
				CLANG_ANALYZER_NONNULL = YES;
				CLANG_CXX_LANGUAGE_STANDARD = "gnu++0x";
				CLANG_CXX_LIBRARY = "libc++";
				CLANG_ENABLE_MODULES = YES;
				CLANG_ENABLE_OBJC_ARC = YES;
				CLANG_WARN_BOOL_CONVERSION = YES;
				CLANG_WARN_CONSTANT_CONVERSION = YES;
				CLANG_WARN_DIRECT_OBJC_ISA_USAGE = YES_ERROR;
				CLANG_WARN_DOCUMENTATION_COMMENTS = YES;
				CLANG_WARN_EMPTY_BODY = YES;
				CLANG_WARN_ENUM_CONVERSION = YES;
				CLANG_WARN_INFINITE_RECURSION = YES;
				CLANG_WARN_INT_CONVERSION = YES;
				CLANG_WARN_OBJC_ROOT_CLASS = YES_ERROR;
				CLANG_WARN_SUSPICIOUS_MOVE = YES;
				CLANG_WARN_UNREACHABLE_CODE = YES;
				CLANG_WARN__DUPLICATE_METHOD_MATCH = YES;
				"CODE_SIGN_IDENTITY[sdk=iphoneos*]" = "iPhone Developer";
				COPY_PHASE_STRIP = NO;
				DEBUG_INFORMATION_FORMAT = dwarf;
				ENABLE_STRICT_OBJC_MSGSEND = YES;
				ENABLE_TESTABILITY = YES;
				GCC_C_LANGUAGE_STANDARD = gnu99;
				GCC_DYNAMIC_NO_PIC = NO;
				GCC_NO_COMMON_BLOCKS = YES;
				GCC_OPTIMIZATION_LEVEL = 0;
				GCC_PREPROCESSOR_DEFINITIONS = (
					"DEBUG=1",
					"$(inherited)",
				);
				GCC_WARN_64_TO_32_BIT_CONVERSION = YES;
				GCC_WARN_ABOUT_RETURN_TYPE = YES_ERROR;
				GCC_WARN_UNDECLARED_SELECTOR = YES;
				GCC_WARN_UNINITIALIZED_AUTOS = YES_AGGRESSIVE;
				GCC_WARN_UNUSED_FUNCTION = YES;
				GCC_WARN_UNUSED_VARIABLE = YES;
				IPHONEOS_DEPLOYMENT_TARGET = 10.2;
				MTL_ENABLE_DEBUG_INFO = YES;
				ONLY_ACTIVE_ARCH = YES;
				SDKROOT = iphoneos;
				TARGETED_DEVICE_FAMILY = "1,2";
			};
			name = Debug;
		};
		574608101E5BE1FD00899B8D /* Release */ = {
			isa = XCBuildConfiguration;
			buildSettings = {
				ALWAYS_SEARCH_USER_PATHS = NO;
				CLANG_ANALYZER_NONNULL = YES;
				CLANG_CXX_LANGUAGE_STANDARD = "gnu++0x";
				CLANG_CXX_LIBRARY = "libc++";
				CLANG_ENABLE_MODULES = YES;
				CLANG_ENABLE_OBJC_ARC = YES;
				CLANG_WARN_BOOL_CONVERSION = YES;
				CLANG_WARN_CONSTANT_CONVERSION = YES;
				CLANG_WARN_DIRECT_OBJC_ISA_USAGE = YES_ERROR;
				CLANG_WARN_DOCUMENTATION_COMMENTS = YES;
				CLANG_WARN_EMPTY_BODY = YES;
				CLANG_WARN_ENUM_CONVERSION = YES;
				CLANG_WARN_INFINITE_RECURSION = YES;
				CLANG_WARN_INT_CONVERSION = YES;
				CLANG_WARN_OBJC_ROOT_CLASS = YES_ERROR;
				CLANG_WARN_SUSPICIOUS_MOVE = YES;
				CLANG_WARN_UNREACHABLE_CODE = YES;
				CLANG_WARN__DUPLICATE_METHOD_MATCH = YES;
				"CODE_SIGN_IDENTITY[sdk=iphoneos*]" = "iPhone Developer";
				COPY_PHASE_STRIP = NO;
				DEBUG_INFORMATION_FORMAT = "dwarf-with-dsym";
				ENABLE_NS_ASSERTIONS = NO;
				ENABLE_STRICT_OBJC_MSGSEND = YES;
				GCC_C_LANGUAGE_STANDARD = gnu99;
				GCC_NO_COMMON_BLOCKS = YES;
				GCC_WARN_64_TO_32_BIT_CONVERSION = YES;
				GCC_WARN_ABOUT_RETURN_TYPE = YES_ERROR;
				GCC_WARN_UNDECLARED_SELECTOR = YES;
				GCC_WARN_UNINITIALIZED_AUTOS = YES_AGGRESSIVE;
				GCC_WARN_UNUSED_FUNCTION = YES;
				GCC_WARN_UNUSED_VARIABLE = YES;
				IPHONEOS_DEPLOYMENT_TARGET = 10.2;
				MTL_ENABLE_DEBUG_INFO = NO;
				SDKROOT = iphoneos;
				TARGETED_DEVICE_FAMILY = "1,2";
				VALIDATE_PRODUCT = YES;
			};
			name = Release;
		};
		574608121E5BE1FD00899B8D /* Debug */ = {
			isa = XCBuildConfiguration;
			buildSettings = {
				ASSETCATALOG_COMPILER_APPICON_NAME = AppIcon;
				DEVELOPMENT_TEAM = 7AWWEMK352;
				INFOPLIST_FILE = PasswordBox/Info.plist;
				LD_RUNPATH_SEARCH_PATHS = "$(inherited) @executable_path/Frameworks";
				PRODUCT_BUNDLE_IDENTIFIER = com.ming.PasswordBox;
				PRODUCT_NAME = "$(TARGET_NAME)";
			};
			name = Debug;
		};
		574608131E5BE1FD00899B8D /* Release */ = {
			isa = XCBuildConfiguration;
			buildSettings = {
				ASSETCATALOG_COMPILER_APPICON_NAME = AppIcon;
				DEVELOPMENT_TEAM = 7AWWEMK352;
				INFOPLIST_FILE = PasswordBox/Info.plist;
				LD_RUNPATH_SEARCH_PATHS = "$(inherited) @executable_path/Frameworks";
				PRODUCT_BUNDLE_IDENTIFIER = com.ming.PasswordBox;
				PRODUCT_NAME = "$(TARGET_NAME)";
			};
			name = Release;
		};
/* End XCBuildConfiguration section */

/* Begin XCConfigurationList section */
		574607F51E5BE1FD00899B8D /* Build configuration list for PBXProject "PasswordBox" */ = {
			isa = XCConfigurationList;
			buildConfigurations = (
				5746080F1E5BE1FD00899B8D /* Debug */,
				574608101E5BE1FD00899B8D /* Release */,
			);
			defaultConfigurationIsVisible = 0;
			defaultConfigurationName = Release;
		};
		574608111E5BE1FD00899B8D /* Build configuration list for PBXNativeTarget "PasswordBox" */ = {
			isa = XCConfigurationList;
			buildConfigurations = (
				574608121E5BE1FD00899B8D /* Debug */,
				574608131E5BE1FD00899B8D /* Release */,
			);
			defaultConfigurationIsVisible = 0;
		};
/* End XCConfigurationList section */
	};
	rootObject = 574607F21E5BE1FD00899B8D /* Project object */;
}
